PODS:
  - ClimaModels (0.1.0)
  - ClimaNetworking (0.1.0)
  - ClimaViews (0.1.0)

DEPENDENCIES:
  - ClimaModels (from `/Users/pcrbrandao/MyRepos/Clima/ClimaModels`)
  - ClimaNetworking (from `/Users/pcrbrandao/MyRepos/Clima/ClimaNetworking`)
  - ClimaViews (from `/Users/pcrbrandao/MyRepos/Clima/ClimaViews`)

EXTERNAL SOURCES:
  ClimaModels:
    :path: "/Users/pcrbrandao/MyRepos/Clima/ClimaModels"
  ClimaNetworking:
    :path: "/Users/pcrbrandao/MyRepos/Clima/ClimaNetworking"
  ClimaViews:
    :path: "/Users/pcrbrandao/MyRepos/Clima/ClimaViews"

SPEC CHECKSUMS:
  ClimaModels: 0489cf8f7d8c07110ad03ed947b6b9e5e0339732
  ClimaNetworking: fd940618eff0cfe8736e58d27842e5bdbc0f6d8a
  ClimaViews: a3109ea24a0bafd5062ae576d2aba591e7dc2fe9

PODFILE CHECKSUM: 449c3bc97ce6081b4261b4ee59067bb41514ca7a

COCOAPODS: 1.11.2
