PODS:
  - ClimaViews (0.1.0)
  - ClimaWorking (0.1.0)

DEPENDENCIES:
  - ClimaViews (from `../ClimaViews`)
  - ClimaWorking (from `../ClimaWorking`)

EXTERNAL SOURCES:
  ClimaViews:
    :path: "../ClimaViews"
  ClimaWorking:
    :path: "../ClimaWorking"

SPEC CHECKSUMS:
  ClimaViews: e3dc831c0c309a78417b46dcff0bc22f92aead32
  ClimaWorking: 917863242ba1d9b7aa95b05fdea86dd34200c297

PODFILE CHECKSUM: 9a084d24be4d5be8e3badc36c1b10830bedba526

COCOAPODS: 1.11.2
