PODS:
  - ClimaControllers (0.1.0)
  - ClimaModels (0.1.0)
  - ClimaNetworking (0.1.0)
  - ClimaViews (0.1.0)

DEPENDENCIES:
  - ClimaControllers (from `/Users/pcrbrandao/MyRepos/Clima/ClimaControllers`)
  - ClimaModels (from `/Users/pcrbrandao/MyRepos/Clima/ClimaModels`)
  - ClimaNetworking (from `/Users/pcrbrandao/MyRepos/Clima/ClimaNetworking`)
  - ClimaViews (from `/Users/pcrbrandao/MyRepos/Clima/ClimaViews`)

EXTERNAL SOURCES:
  ClimaControllers:
    :path: "/Users/pcrbrandao/MyRepos/Clima/ClimaControllers"
  ClimaModels:
    :path: "/Users/pcrbrandao/MyRepos/Clima/ClimaModels"
  ClimaNetworking:
    :path: "/Users/pcrbrandao/MyRepos/Clima/ClimaNetworking"
  ClimaViews:
    :path: "/Users/pcrbrandao/MyRepos/Clima/ClimaViews"

SPEC CHECKSUMS:
  ClimaControllers: d4efa66347e085205f513b9e9463fd62a1c324e1
  ClimaModels: 0489cf8f7d8c07110ad03ed947b6b9e5e0339732
  ClimaNetworking: fd940618eff0cfe8736e58d27842e5bdbc0f6d8a
  ClimaViews: 4394467b3d33d93626da8b8bc9832f00d2bff9b2

PODFILE CHECKSUM: 6862c4392804ed5454f93a4e0973e066221361c5

COCOAPODS: 1.11.2
